
Microsoft Visual Studio Solution File, Format Version 12.00
# Visual Studio 15
VisualStudioVersion = 15.0.28010.2016
MinimumVisualStudioVersion = 10.0.40219.1
Project("{FAE04EC0-301F-11D3-BF4B-00C04F79EFBC}") = "WebRecruiter", "WebRecruiter\WebRecruiter.csproj", "{834B379F-02D2-4D98-AB98-12B32DF3A2A1}"
EndProject
Project("{FAE04EC0-301F-11D3-BF4B-00C04F79EFBC}") = "WebRecruiter.Tests", "WebRecruiter.Tests\WebRecruiter.Tests.csproj", "{047DD226-F8E4-46E9-A395-D5DCD40AD7CF}"
EndProject
Global
	GlobalSection(SolutionConfigurationPlatforms) = preSolution
		Debug|Any CPU = Debug|Any CPU
		Release|Any CPU = Release|Any CPU
	EndGlobalSection
	GlobalSection(ProjectConfigurationPlatforms) = postSolution
		{834B379F-02D2-4D98-AB98-12B32DF3A2A1}.Debug|Any CPU.ActiveCfg = Debug|Any CPU
		{834B379F-02D2-4D98-AB98-12B32DF3A2A1}.Debug|Any CPU.Build.0 = Debug|Any CPU
		{834B379F-02D2-4D98-AB98-12B32DF3A2A1}.Release|Any CPU.ActiveCfg = Release|Any CPU
		{834B379F-02D2-4D98-AB98-12B32DF3A2A1}.Release|Any CPU.Build.0 = Release|Any CPU
		{047DD226-F8E4-46E9-A395-D5DCD40AD7CF}.Debug|Any CPU.ActiveCfg = Debug|Any CPU
		{047DD226-F8E4-46E9-A395-D5DCD40AD7CF}.Debug|Any CPU.Build.0 = Debug|Any CPU
		{047DD226-F8E4-46E9-A395-D5DCD40AD7CF}.Release|Any CPU.ActiveCfg = Release|Any CPU
		{047DD226-F8E4-46E9-A395-D5DCD40AD7CF}.Release|Any CPU.Build.0 = Release|Any CPU
	EndGlobalSection
	GlobalSection(SolutionProperties) = preSolution
		HideSolutionNode = FALSE
	EndGlobalSection
	GlobalSection(ExtensibilityGlobals) = postSolution
		SolutionGuid = {259CE8E5-D401-46D1-B002-76DEAD061A2B}
	EndGlobalSection
EndGlobal
